
Microsoft Visual Studio Solution File, Format Version 12.00
# Visual Studio Version 17
VisualStudioVersion = 17.14.37301.10 d17.14
MinimumVisualStudioVersion = 10.0.40219.1
Project("{FAE04EC0-301F-11D3-BF4B-00C04F79EFBC}") = "GameDB", "GameDB.csproj", "{DF3919D8-0DEB-487E-A2A1-EAFF60467B44}"
EndProject
Global
	GlobalSection(SolutionConfigurationPlatforms) = preSolution
		Debug|Any CPU = Debug|Any CPU
		Release|Any CPU = Release|Any CPU
	EndGlobalSection
	GlobalSection(ProjectConfigurationPlatforms) = postSolution
		{DF3919D8-0DEB-487E-A2A1-EAFF60467B44}.Debug|Any CPU.ActiveCfg = Debug|Any CPU
		{DF3919D8-0DEB-487E-A2A1-EAFF60467B44}.Debug|Any CPU.Build.0 = Debug|Any CPU
		{DF3919D8-0DEB-487E-A2A1-EAFF60467B44}.Release|Any CPU.ActiveCfg = Release|Any CPU
		{DF3919D8-0DEB-487E-A2A1-EAFF60467B44}.Release|Any CPU.Build.0 = Release|Any CPU
	EndGlobalSection
	GlobalSection(SolutionProperties) = preSolution
		HideSolutionNode = FALSE
	EndGlobalSection
	GlobalSection(ExtensibilityGlobals) = postSolution
		SolutionGuid = {4320EA35-FC32-4A30-A3EA-C5E6704FF770}
	EndGlobalSection
EndGlobal
